// !$*UTF8*$!
{
	archiveVersion = 1;
	classes = {
	};
	objectVersion = 50;
	objects = {

/* Begin PBXBuildFile section */
		EDC3498C26C58A1300A19091 /* AppDelegate.swift in Sources */ = {isa = PBXBuildFile; fileRef = EDC3498B26C58A1300A19091 /* AppDelegate.swift */; };
		EDC3499026C58A1300A19091 /* OverviewController.swift in Sources */ = {isa = PBXBuildFile; fileRef = EDC3498F26C58A1300A19091 /* OverviewController.swift */; };
		EDC3499526C58A1400A19091 /* Assets.xcassets in Resources */ = {isa = PBXBuildFile; fileRef = EDC3499426C58A1400A19091 /* Assets.xcassets */; };
		EDC3499826C58A1400A19091 /* LaunchScreen.storyboard in Resources */ = {isa = PBXBuildFile; fileRef = EDC3499626C58A1400A19091 /* LaunchScreen.storyboard */; };
		EDC349B626C58B5400A19091 /* ApiService.swift in Sources */ = {isa = PBXBuildFile; fileRef = EDC349B526C58B5400A19091 /* ApiService.swift */; };
		EDC349B826C58B5D00A19091 /* OverviewViewModel.swift in Sources */ = {isa = PBXBuildFile; fileRef = EDC349B726C58B5D00A19091 /* OverviewViewModel.swift */; };
		EDC349BA26C58B6800A19091 /* DetailController.swift in Sources */ = {isa = PBXBuildFile; fileRef = EDC349B926C58B6800A19091 /* DetailController.swift */; };
		EDC349BC26C58B7000A19091 /* DetailViewModel.swift in Sources */ = {isa = PBXBuildFile; fileRef = EDC349BB26C58B7000A19091 /* DetailViewModel.swift */; };
		EDC349BE26C58C3600A19091 /* ViewCoordinator.swift in Sources */ = {isa = PBXBuildFile; fileRef = EDC349BD26C58C3600A19091 /* ViewCoordinator.swift */; };
		EDC349C226C58DFF00A19091 /* NavigationController.swift in Sources */ = {isa = PBXBuildFile; fileRef = EDC349C126C58DFF00A19091 /* NavigationController.swift */; };
		EDC349C626C5903700A19091 /* ViewCoordinatorTests.swift in Sources */ = {isa = PBXBuildFile; fileRef = EDC349C526C5903700A19091 /* ViewCoordinatorTests.swift */; };
		EDC349C826C5947900A19091 /* BaseViewModel.swift in Sources */ = {isa = PBXBuildFile; fileRef = EDC349C726C5947900A19091 /* BaseViewModel.swift */; };
		EDC349CA26C597A800A19091 /* NasaAsset.swift in Sources */ = {isa = PBXBuildFile; fileRef = EDC349C926C597A800A19091 /* NasaAsset.swift */; };
		EDC349CE26C5990800A19091 /* NasaSearch.swift in Sources */ = {isa = PBXBuildFile; fileRef = EDC349CD26C5990800A19091 /* NasaSearch.swift */; };
		EDC349D126C5B1B700A19091 /* Localizable.strings in Resources */ = {isa = PBXBuildFile; fileRef = EDC349D326C5B1B700A19091 /* Localizable.strings */; };
		EDC349D726C5B81400A19091 /* ImageType.swift in Sources */ = {isa = PBXBuildFile; fileRef = EDC349D626C5B81400A19091 /* ImageType.swift */; };
		EDC349D926C5B97A00A19091 /* NetworkingService.swift in Sources */ = {isa = PBXBuildFile; fileRef = EDC349D826C5B97A00A19091 /* NetworkingService.swift */; };
		EDC349DB26C5BB0100A19091 /* ReachabilityService.swift in Sources */ = {isa = PBXBuildFile; fileRef = EDC349DA26C5BB0100A19091 /* ReachabilityService.swift */; };
		EDC349DD26C5BBE200A19091 /* NetworkingError.swift in Sources */ = {isa = PBXBuildFile; fileRef = EDC349DC26C5BBE200A19091 /* NetworkingError.swift */; };
		EDC349E126C5C42500A19091 /* LoaderCell.swift in Sources */ = {isa = PBXBuildFile; fileRef = EDC349E026C5C42500A19091 /* LoaderCell.swift */; };
		EDC349E326C5C94000A19091 /* ImageCell.swift in Sources */ = {isa = PBXBuildFile; fileRef = EDC349E226C5C94000A19091 /* ImageCell.swift */; };
		EDC349E526C5D18600A19091 /* ApiServiceTests.swift in Sources */ = {isa = PBXBuildFile; fileRef = EDC349E426C5D18600A19091 /* ApiServiceTests.swift */; };
		EDC349E726C653EA00A19091 /* NetworkServiceTests.swift in Sources */ = {isa = PBXBuildFile; fileRef = EDC349E626C653EA00A19091 /* NetworkServiceTests.swift */; };
		EDC349EA26C6591600A19091 /* search_valid.json in Resources */ = {isa = PBXBuildFile; fileRef = EDC349E926C6591600A19091 /* search_valid.json */; };
		EDC349EC26C6592900A19091 /* search_invalid.json in Resources */ = {isa = PBXBuildFile; fileRef = EDC349EB26C6592900A19091 /* search_invalid.json */; };
		EDC349EE26C65BA600A19091 /* Result.swift in Sources */ = {isa = PBXBuildFile; fileRef = EDC349ED26C65BA600A19091 /* Result.swift */; };
		EDC349F026C65C4400A19091 /* test_image.jpg in Resources */ = {isa = PBXBuildFile; fileRef = EDC349EF26C65C4400A19091 /* test_image.jpg */; };
		EDC349F226C660B400A19091 /* Util.swift in Sources */ = {isa = PBXBuildFile; fileRef = EDC349F126C660B400A19091 /* Util.swift */; };
		EDC349F426C662D600A19091 /* OverviewViewModelTests.swift in Sources */ = {isa = PBXBuildFile; fileRef = EDC349F326C662D600A19091 /* OverviewViewModelTests.swift */; };
		EDC349F626C662F300A19091 /* DetailViewModelTests.swift in Sources */ = {isa = PBXBuildFile; fileRef = EDC349F526C662F300A19091 /* DetailViewModelTests.swift */; };
		EDC349F826C6633B00A19091 /* OverviewControllerTests.swift in Sources */ = {isa = PBXBuildFile; fileRef = EDC349F726C6633B00A19091 /* OverviewControllerTests.swift */; };
		EDC349FA26C6635500A19091 /* DetailControllerTests.swift in Sources */ = {isa = PBXBuildFile; fileRef = EDC349F926C6635500A19091 /* DetailControllerTests.swift */; };
/* End PBXBuildFile section */

/* Begin PBXContainerItemProxy section */
		EDC349A826C58A3300A19091 /* PBXContainerItemProxy */ = {
			isa = PBXContainerItemProxy;
			containerPortal = EDC3498026C58A1300A19091 /* Project object */;
			proxyType = 1;
			remoteGlobalIDString = EDC3498726C58A1300A19091;
			remoteInfo = NasaImage;
		};
/* End PBXContainerItemProxy section */

/* Begin PBXFileReference section */
		EDC3498826C58A1300A19091 /* NasaImage.app */ = {isa = PBXFileReference; explicitFileType = wrapper.application; includeInIndex = 0; path = NasaImage.app; sourceTree = BUILT_PRODUCTS_DIR; };
		EDC3498B26C58A1300A19091 /* AppDelegate.swift */ = {isa = PBXFileReference; lastKnownFileType = sourcecode.swift; path = AppDelegate.swift; sourceTree = "<group>"; };
		EDC3498F26C58A1300A19091 /* OverviewController.swift */ = {isa = PBXFileReference; lastKnownFileType = sourcecode.swift; path = OverviewController.swift; sourceTree = "<group>"; };
		EDC3499426C58A1400A19091 /* Assets.xcassets */ = {isa = PBXFileReference; lastKnownFileType = folder.assetcatalog; path = Assets.xcassets; sourceTree = "<group>"; };
		EDC3499726C58A1400A19091 /* Base */ = {isa = PBXFileReference; lastKnownFileType = file.storyboard; name = Base; path = Base.lproj/LaunchScreen.storyboard; sourceTree = "<group>"; };
		EDC3499926C58A1400A19091 /* Info.plist */ = {isa = PBXFileReference; lastKnownFileType = text.plist.xml; path = Info.plist; sourceTree = "<group>"; };
		EDC349A326C58A3300A19091 /* Tests.xctest */ = {isa = PBXFileReference; explicitFileType = wrapper.cfbundle; includeInIndex = 0; path = Tests.xctest; sourceTree = BUILT_PRODUCTS_DIR; };
		EDC349A726C58A3300A19091 /* Info.plist */ = {isa = PBXFileReference; lastKnownFileType = text.plist.xml; path = Info.plist; sourceTree = "<group>"; };
		EDC349AD26C58A5300A19091 /* NasaImage.entitlements */ = {isa = PBXFileReference; lastKnownFileType = text.plist.entitlements; path = NasaImage.entitlements; sourceTree = "<group>"; };
		EDC349B526C58B5400A19091 /* ApiService.swift */ = {isa = PBXFileReference; lastKnownFileType = sourcecode.swift; path = ApiService.swift; sourceTree = "<group>"; };
		EDC349B726C58B5D00A19091 /* OverviewViewModel.swift */ = {isa = PBXFileReference; lastKnownFileType = sourcecode.swift; path = OverviewViewModel.swift; sourceTree = "<group>"; };
		EDC349B926C58B6800A19091 /* DetailController.swift */ = {isa = PBXFileReference; lastKnownFileType = sourcecode.swift; path = DetailController.swift; sourceTree = "<group>"; };
		EDC349BB26C58B7000A19091 /* DetailViewModel.swift */ = {isa = PBXFileReference; lastKnownFileType = sourcecode.swift; path = DetailViewModel.swift; sourceTree = "<group>"; };
		EDC349BD26C58C3600A19091 /* ViewCoordinator.swift */ = {isa = PBXFileReference; lastKnownFileType = sourcecode.swift; path = ViewCoordinator.swift; sourceTree = "<group>"; };
		EDC349C126C58DFF00A19091 /* NavigationController.swift */ = {isa = PBXFileReference; lastKnownFileType = sourcecode.swift; path = NavigationController.swift; sourceTree = "<group>"; };
		EDC349C526C5903700A19091 /* ViewCoordinatorTests.swift */ = {isa = PBXFileReference; lastKnownFileType = sourcecode.swift; path = ViewCoordinatorTests.swift; sourceTree = "<group>"; };
		EDC349C726C5947900A19091 /* BaseViewModel.swift */ = {isa = PBXFileReference; lastKnownFileType = sourcecode.swift; path = BaseViewModel.swift; sourceTree = "<group>"; };
		EDC349C926C597A800A19091 /* NasaAsset.swift */ = {isa = PBXFileReference; lastKnownFileType = sourcecode.swift; path = NasaAsset.swift; sourceTree = "<group>"; };
		EDC349CD26C5990800A19091 /* NasaSearch.swift */ = {isa = PBXFileReference; lastKnownFileType = sourcecode.swift; path = NasaSearch.swift; sourceTree = "<group>"; };
		EDC349D226C5B1B700A19091 /* en */ = {isa = PBXFileReference; lastKnownFileType = text.plist.strings; name = en; path = en.lproj/Localizable.strings; sourceTree = "<group>"; };
		EDC349D626C5B81400A19091 /* ImageType.swift */ = {isa = PBXFileReference; lastKnownFileType = sourcecode.swift; path = ImageType.swift; sourceTree = "<group>"; };
		EDC349D826C5B97A00A19091 /* NetworkingService.swift */ = {isa = PBXFileReference; lastKnownFileType = sourcecode.swift; path = NetworkingService.swift; sourceTree = "<group>"; };
		EDC349DA26C5BB0100A19091 /* ReachabilityService.swift */ = {isa = PBXFileReference; lastKnownFileType = sourcecode.swift; path = ReachabilityService.swift; sourceTree = "<group>"; };
		EDC349DC26C5BBE200A19091 /* NetworkingError.swift */ = {isa = PBXFileReference; lastKnownFileType = sourcecode.swift; path = NetworkingError.swift; sourceTree = "<group>"; };
		EDC349E026C5C42500A19091 /* LoaderCell.swift */ = {isa = PBXFileReference; lastKnownFileType = sourcecode.swift; path = LoaderCell.swift; sourceTree = "<group>"; };
		EDC349E226C5C94000A19091 /* ImageCell.swift */ = {isa = PBXFileReference; lastKnownFileType = sourcecode.swift; path = ImageCell.swift; sourceTree = "<group>"; };
		EDC349E426C5D18600A19091 /* ApiServiceTests.swift */ = {isa = PBXFileReference; lastKnownFileType = sourcecode.swift; path = ApiServiceTests.swift; sourceTree = "<group>"; };
		EDC349E626C653EA00A19091 /* NetworkServiceTests.swift */ = {isa = PBXFileReference; lastKnownFileType = sourcecode.swift; path = NetworkServiceTests.swift; sourceTree = "<group>"; };
		EDC349E926C6591600A19091 /* search_valid.json */ = {isa = PBXFileReference; fileEncoding = 4; lastKnownFileType = text.json; path = search_valid.json; sourceTree = "<group>"; };
		EDC349EB26C6592900A19091 /* search_invalid.json */ = {isa = PBXFileReference; fileEncoding = 4; lastKnownFileType = text.json; path = search_invalid.json; sourceTree = "<group>"; };
		EDC349ED26C65BA600A19091 /* Result.swift */ = {isa = PBXFileReference; lastKnownFileType = sourcecode.swift; path = Result.swift; sourceTree = "<group>"; };
		EDC349EF26C65C4400A19091 /* test_image.jpg */ = {isa = PBXFileReference; lastKnownFileType = image.jpeg; path = test_image.jpg; sourceTree = "<group>"; };
		EDC349F126C660B400A19091 /* Util.swift */ = {isa = PBXFileReference; lastKnownFileType = sourcecode.swift; path = Util.swift; sourceTree = "<group>"; };
		EDC349F326C662D600A19091 /* OverviewViewModelTests.swift */ = {isa = PBXFileReference; lastKnownFileType = sourcecode.swift; path = OverviewViewModelTests.swift; sourceTree = "<group>"; };
		EDC349F526C662F300A19091 /* DetailViewModelTests.swift */ = {isa = PBXFileReference; lastKnownFileType = sourcecode.swift; path = DetailViewModelTests.swift; sourceTree = "<group>"; };
		EDC349F726C6633B00A19091 /* OverviewControllerTests.swift */ = {isa = PBXFileReference; lastKnownFileType = sourcecode.swift; path = OverviewControllerTests.swift; sourceTree = "<group>"; };
		EDC349F926C6635500A19091 /* DetailControllerTests.swift */ = {isa = PBXFileReference; lastKnownFileType = sourcecode.swift; path = DetailControllerTests.swift; sourceTree = "<group>"; };
/* End PBXFileReference section */

/* Begin PBXFrameworksBuildPhase section */
		EDC3498526C58A1300A19091 /* Frameworks */ = {
			isa = PBXFrameworksBuildPhase;
			buildActionMask = 2147483647;
			files = (
			);
			runOnlyForDeploymentPostprocessing = 0;
		};
		EDC349A026C58A3300A19091 /* Frameworks */ = {
			isa = PBXFrameworksBuildPhase;
			buildActionMask = 2147483647;
			files = (
			);
			runOnlyForDeploymentPostprocessing = 0;
		};
/* End PBXFrameworksBuildPhase section */

/* Begin PBXGroup section */
		EDC3497F26C58A1300A19091 = {
			isa = PBXGroup;
			children = (
				EDC3498A26C58A1300A19091 /* NasaImage */,
				EDC349A426C58A3300A19091 /* Tests */,
				EDC3498926C58A1300A19091 /* Products */,
			);
			sourceTree = "<group>";
		};
		EDC3498926C58A1300A19091 /* Products */ = {
			isa = PBXGroup;
			children = (
				EDC3498826C58A1300A19091 /* NasaImage.app */,
				EDC349A326C58A3300A19091 /* Tests.xctest */,
			);
			name = Products;
			sourceTree = "<group>";
		};
		EDC3498A26C58A1300A19091 /* NasaImage */ = {
			isa = PBXGroup;
			children = (
				EDC349B426C58AF700A19091 /* Resources */,
				EDC349B326C58AE000A19091 /* Utility */,
				EDC349B226C58ADB00A19091 /* Service */,
				EDC349B126C58ACF00A19091 /* Model */,
				EDC349B026C58ACA00A19091 /* ViewModel */,
				EDC349AF26C58AC600A19091 /* View */,
				EDC349AE26C58AC100A19091 /* Controller */,
				EDC3498B26C58A1300A19091 /* AppDelegate.swift */,
			);
			path = NasaImage;
			sourceTree = "<group>";
		};
		EDC349A426C58A3300A19091 /* Tests */ = {
			isa = PBXGroup;
			children = (
				EDC349E826C658DB00A19091 /* Resources */,
				EDC349F126C660B400A19091 /* Util.swift */,
				EDC349C526C5903700A19091 /* ViewCoordinatorTests.swift */,
				EDC349E426C5D18600A19091 /* ApiServiceTests.swift */,
				EDC349E626C653EA00A19091 /* NetworkServiceTests.swift */,
				EDC349F326C662D600A19091 /* OverviewViewModelTests.swift */,
				EDC349F526C662F300A19091 /* DetailViewModelTests.swift */,
				EDC349F726C6633B00A19091 /* OverviewControllerTests.swift */,
				EDC349F926C6635500A19091 /* DetailControllerTests.swift */,
				EDC349A726C58A3300A19091 /* Info.plist */,
			);
			path = Tests;
			sourceTree = "<group>";
		};
		EDC349AE26C58AC100A19091 /* Controller */ = {
			isa = PBXGroup;
			children = (
				EDC349C126C58DFF00A19091 /* NavigationController.swift */,
				EDC3498F26C58A1300A19091 /* OverviewController.swift */,
				EDC349B926C58B6800A19091 /* DetailController.swift */,
			);
			path = Controller;
			sourceTree = "<group>";
		};
		EDC349AF26C58AC600A19091 /* View */ = {
			isa = PBXGroup;
			children = (
				EDC349E226C5C94000A19091 /* ImageCell.swift */,
				EDC349E026C5C42500A19091 /* LoaderCell.swift */,
			);
			path = View;
			sourceTree = "<group>";
		};
		EDC349B026C58ACA00A19091 /* ViewModel */ = {
			isa = PBXGroup;
			children = (
				EDC349C726C5947900A19091 /* BaseViewModel.swift */,
				EDC349B726C58B5D00A19091 /* OverviewViewModel.swift */,
				EDC349BB26C58B7000A19091 /* DetailViewModel.swift */,
			);
			path = ViewModel;
			sourceTree = "<group>";
		};
		EDC349B126C58ACF00A19091 /* Model */ = {
			isa = PBXGroup;
			children = (
				EDC349CD26C5990800A19091 /* NasaSearch.swift */,
				EDC349C926C597A800A19091 /* NasaAsset.swift */,
				EDC349D626C5B81400A19091 /* ImageType.swift */,
			);
			path = Model;
			sourceTree = "<group>";
		};
		EDC349B226C58ADB00A19091 /* Service */ = {
			isa = PBXGroup;
			children = (
				EDC349DA26C5BB0100A19091 /* ReachabilityService.swift */,
				EDC349D826C5B97A00A19091 /* NetworkingService.swift */,
				EDC349B526C58B5400A19091 /* ApiService.swift */,
				EDC349BD26C58C3600A19091 /* ViewCoordinator.swift */,
			);
			path = Service;
			sourceTree = "<group>";
		};
		EDC349B326C58AE000A19091 /* Utility */ = {
			isa = PBXGroup;
			children = (
				EDC349DC26C5BBE200A19091 /* NetworkingError.swift */,
				EDC349ED26C65BA600A19091 /* Result.swift */,
			);
			path = Utility;
			sourceTree = "<group>";
		};
		EDC349B426C58AF700A19091 /* Resources */ = {
			isa = PBXGroup;
			children = (
				EDC349AD26C58A5300A19091 /* NasaImage.entitlements */,
				EDC3499426C58A1400A19091 /* Assets.xcassets */,
				EDC3499626C58A1400A19091 /* LaunchScreen.storyboard */,
				EDC3499926C58A1400A19091 /* Info.plist */,
				EDC349D326C5B1B700A19091 /* Localizable.strings */,
			);
			path = Resources;
			sourceTree = "<group>";
		};
		EDC349E826C658DB00A19091 /* Resources */ = {
			isa = PBXGroup;
			children = (
				EDC349E926C6591600A19091 /* search_valid.json */,
				EDC349EB26C6592900A19091 /* search_invalid.json */,
				EDC349EF26C65C4400A19091 /* test_image.jpg */,
			);
			path = Resources;
			sourceTree = "<group>";
		};
/* End PBXGroup section */

/* Begin PBXNativeTarget section */
		EDC3498726C58A1300A19091 /* NasaImage */ = {
			isa = PBXNativeTarget;
			buildConfigurationList = EDC3499C26C58A1400A19091 /* Build configuration list for PBXNativeTarget "NasaImage" */;
			buildPhases = (
				EDC3498426C58A1300A19091 /* Sources */,
				EDC3498526C58A1300A19091 /* Frameworks */,
				EDC3498626C58A1300A19091 /* Resources */,
			);
			buildRules = (
			);
			dependencies = (
			);
			name = NasaImage;
			productName = NasaImage;
			productReference = EDC3498826C58A1300A19091 /* NasaImage.app */;
			productType = "com.apple.product-type.application";
		};
		EDC349A226C58A3300A19091 /* Tests */ = {
			isa = PBXNativeTarget;
			buildConfigurationList = EDC349AA26C58A3300A19091 /* Build configuration list for PBXNativeTarget "Tests" */;
			buildPhases = (
				EDC3499F26C58A3300A19091 /* Sources */,
				EDC349A026C58A3300A19091 /* Frameworks */,
				EDC349A126C58A3300A19091 /* Resources */,
			);
			buildRules = (
			);
			dependencies = (
				EDC349A926C58A3300A19091 /* PBXTargetDependency */,
			);
			name = Tests;
			productName = Tests;
			productReference = EDC349A326C58A3300A19091 /* Tests.xctest */;
			productType = "com.apple.product-type.bundle.unit-test";
		};
/* End PBXNativeTarget section */

/* Begin PBXProject section */
		EDC3498026C58A1300A19091 /* Project object */ = {
			isa = PBXProject;
			attributes = {
				LastSwiftUpdateCheck = 1250;
				LastUpgradeCheck = 1250;
				TargetAttributes = {
					EDC3498726C58A1300A19091 = {
						CreatedOnToolsVersion = 12.5.1;
					};
					EDC349A226C58A3300A19091 = {
						CreatedOnToolsVersion = 12.5.1;
						TestTargetID = EDC3498726C58A1300A19091;
					};
				};
			};
			buildConfigurationList = EDC3498326C58A1300A19091 /* Build configuration list for PBXProject "NasaImage" */;
			compatibilityVersion = "Xcode 9.3";
			developmentRegion = en;
			hasScannedForEncodings = 0;
			knownRegions = (
				en,
				Base,
			);
			mainGroup = EDC3497F26C58A1300A19091;
			productRefGroup = EDC3498926C58A1300A19091 /* Products */;
			projectDirPath = "";
			projectRoot = "";
			targets = (
				EDC3498726C58A1300A19091 /* NasaImage */,
				EDC349A226C58A3300A19091 /* Tests */,
			);
		};
/* End PBXProject section */

/* Begin PBXResourcesBuildPhase section */
		EDC3498626C58A1300A19091 /* Resources */ = {
			isa = PBXResourcesBuildPhase;
			buildActionMask = 2147483647;
			files = (
				EDC3499826C58A1400A19091 /* LaunchScreen.storyboard in Resources */,
				EDC349D126C5B1B700A19091 /* Localizable.strings in Resources */,
				EDC3499526C58A1400A19091 /* Assets.xcassets in Resources */,
			);
			runOnlyForDeploymentPostprocessing = 0;
		};
		EDC349A126C58A3300A19091 /* Resources */ = {
			isa = PBXResourcesBuildPhase;
			buildActionMask = 2147483647;
			files = (
				EDC349EA26C6591600A19091 /* search_valid.json in Resources */,
				EDC349EC26C6592900A19091 /* search_invalid.json in Resources */,
				EDC349F026C65C4400A19091 /* test_image.jpg in Resources */,
			);
			runOnlyForDeploymentPostprocessing = 0;
		};
/* End PBXResourcesBuildPhase section */

/* Begin PBXSourcesBuildPhase section */
		EDC3498426C58A1300A19091 /* Sources */ = {
			isa = PBXSourcesBuildPhase;
			buildActionMask = 2147483647;
			files = (
				EDC349EE26C65BA600A19091 /* Result.swift in Sources */,
				EDC3499026C58A1300A19091 /* OverviewController.swift in Sources */,
				EDC349C826C5947900A19091 /* BaseViewModel.swift in Sources */,
				EDC349DD26C5BBE200A19091 /* NetworkingError.swift in Sources */,
				EDC349E126C5C42500A19091 /* LoaderCell.swift in Sources */,
				EDC349CA26C597A800A19091 /* NasaAsset.swift in Sources */,
				EDC349C226C58DFF00A19091 /* NavigationController.swift in Sources */,
				EDC349CE26C5990800A19091 /* NasaSearch.swift in Sources */,
				EDC349D926C5B97A00A19091 /* NetworkingService.swift in Sources */,
				EDC349BC26C58B7000A19091 /* DetailViewModel.swift in Sources */,
				EDC349DB26C5BB0100A19091 /* ReachabilityService.swift in Sources */,
				EDC349E326C5C94000A19091 /* ImageCell.swift in Sources */,
				EDC349B826C58B5D00A19091 /* OverviewViewModel.swift in Sources */,
				EDC3498C26C58A1300A19091 /* AppDelegate.swift in Sources */,
				EDC349BA26C58B6800A19091 /* DetailController.swift in Sources */,
				EDC349D726C5B81400A19091 /* ImageType.swift in Sources */,
				EDC349B626C58B5400A19091 /* ApiService.swift in Sources */,
				EDC349BE26C58C3600A19091 /* ViewCoordinator.swift in Sources */,
			);
			runOnlyForDeploymentPostprocessing = 0;
		};
		EDC3499F26C58A3300A19091 /* Sources */ = {
			isa = PBXSourcesBuildPhase;
			buildActionMask = 2147483647;
			files = (
				EDC349FA26C6635500A19091 /* DetailControllerTests.swift in Sources */,
				EDC349C626C5903700A19091 /* ViewCoordinatorTests.swift in Sources */,
				EDC349F426C662D600A19091 /* OverviewViewModelTests.swift in Sources */,
				EDC349E726C653EA00A19091 /* NetworkServiceTests.swift in Sources */,
				EDC349E526C5D18600A19091 /* ApiServiceTests.swift in Sources */,
				EDC349F826C6633B00A19091 /* OverviewControllerTests.swift in Sources */,
				EDC349F226C660B400A19091 /* Util.swift in Sources */,
				EDC349F626C662F300A19091 /* DetailViewModelTests.swift in Sources */,
			);
			runOnlyForDeploymentPostprocessing = 0;
		};
/* End PBXSourcesBuildPhase section */

/* Begin PBXTargetDependency section */
		EDC349A926C58A3300A19091 /* PBXTargetDependency */ = {
			isa = PBXTargetDependency;
			target = EDC3498726C58A1300A19091 /* NasaImage */;
			targetProxy = EDC349A826C58A3300A19091 /* PBXContainerItemProxy */;
		};
/* End PBXTargetDependency section */

/* Begin PBXVariantGroup section */
		EDC3499626C58A1400A19091 /* LaunchScreen.storyboard */ = {
			isa = PBXVariantGroup;
			children = (
				EDC3499726C58A1400A19091 /* Base */,
			);
			name = LaunchScreen.storyboard;
			sourceTree = "<group>";
		};
		EDC349D326C5B1B700A19091 /* Localizable.strings */ = {
			isa = PBXVariantGroup;
			children = (
				EDC349D226C5B1B700A19091 /* en */,
			);
			name = Localizable.strings;
			sourceTree = "<group>";
		};
/* End PBXVariantGroup section */

/* Begin XCBuildConfiguration section */
		EDC3499A26C58A1400A19091 /* Debug */ = {
			isa = XCBuildConfiguration;
			buildSettings = {
				ALWAYS_SEARCH_USER_PATHS = NO;
				CLANG_ANALYZER_NONNULL = YES;
				CLANG_ANALYZER_NUMBER_OBJECT_CONVERSION = YES_AGGRESSIVE;
				CLANG_CXX_LANGUAGE_STANDARD = "gnu++14";
				CLANG_CXX_LIBRARY = "libc++";
				CLANG_ENABLE_MODULES = YES;
				CLANG_ENABLE_OBJC_ARC = YES;
				CLANG_ENABLE_OBJC_WEAK = YES;
				CLANG_WARN_BLOCK_CAPTURE_AUTORELEASING = YES;
				CLANG_WARN_BOOL_CONVERSION = YES;
				CLANG_WARN_COMMA = YES;
				CLANG_WARN_CONSTANT_CONVERSION = YES;
				CLANG_WARN_DEPRECATED_OBJC_IMPLEMENTATIONS = YES;
				CLANG_WARN_DIRECT_OBJC_ISA_USAGE = YES_ERROR;
				CLANG_WARN_DOCUMENTATION_COMMENTS = YES;
				CLANG_WARN_EMPTY_BODY = YES;
				CLANG_WARN_ENUM_CONVERSION = YES;
				CLANG_WARN_INFINITE_RECURSION = YES;
				CLANG_WARN_INT_CONVERSION = YES;
				CLANG_WARN_NON_LITERAL_NULL_CONVERSION = YES;
				CLANG_WARN_OBJC_IMPLICIT_RETAIN_SELF = YES;
				CLANG_WARN_OBJC_LITERAL_CONVERSION = YES;
				CLANG_WARN_OBJC_ROOT_CLASS = YES_ERROR;
				CLANG_WARN_QUOTED_INCLUDE_IN_FRAMEWORK_HEADER = YES;
				CLANG_WARN_RANGE_LOOP_ANALYSIS = YES;
				CLANG_WARN_STRICT_PROTOTYPES = YES;
				CLANG_WARN_SUSPICIOUS_MOVE = YES;
				CLANG_WARN_UNGUARDED_AVAILABILITY = YES_AGGRESSIVE;
				CLANG_WARN_UNREACHABLE_CODE = YES;
				CLANG_WARN__DUPLICATE_METHOD_MATCH = YES;
				COPY_PHASE_STRIP = NO;
				DEBUG_INFORMATION_FORMAT = dwarf;
				ENABLE_STRICT_OBJC_MSGSEND = YES;
				ENABLE_TESTABILITY = YES;
				GCC_C_LANGUAGE_STANDARD = gnu11;
				GCC_DYNAMIC_NO_PIC = NO;
				GCC_NO_COMMON_BLOCKS = YES;
				GCC_OPTIMIZATION_LEVEL = 0;
				GCC_PREPROCESSOR_DEFINITIONS = (
					"DEBUG=1",
					"$(inherited)",
				);
				GCC_WARN_64_TO_32_BIT_CONVERSION = YES;
				GCC_WARN_ABOUT_RETURN_TYPE = YES_ERROR;
				GCC_WARN_UNDECLARED_SELECTOR = YES;
				GCC_WARN_UNINITIALIZED_AUTOS = YES_AGGRESSIVE;
				GCC_WARN_UNUSED_FUNCTION = YES;
				GCC_WARN_UNUSED_VARIABLE = YES;
				IPHONEOS_DEPLOYMENT_TARGET = 13.0;
				MACOSX_DEPLOYMENT_TARGET = 10.15;
				MTL_ENABLE_DEBUG_INFO = INCLUDE_SOURCE;
				MTL_FAST_MATH = YES;
				ONLY_ACTIVE_ARCH = YES;
				SDKROOT = iphoneos;
				SWIFT_ACTIVE_COMPILATION_CONDITIONS = DEBUG;
				SWIFT_OPTIMIZATION_LEVEL = "-Onone";
			};
			name = Debug;
		};
		EDC3499B26C58A1400A19091 /* Release */ = {
			isa = XCBuildConfiguration;
			buildSettings = {
				ALWAYS_SEARCH_USER_PATHS = NO;
				CLANG_ANALYZER_NONNULL = YES;
				CLANG_ANALYZER_NUMBER_OBJECT_CONVERSION = YES_AGGRESSIVE;
				CLANG_CXX_LANGUAGE_STANDARD = "gnu++14";
				CLANG_CXX_LIBRARY = "libc++";
				CLANG_ENABLE_MODULES = YES;
				CLANG_ENABLE_OBJC_ARC = YES;
				CLANG_ENABLE_OBJC_WEAK = YES;
				CLANG_WARN_BLOCK_CAPTURE_AUTORELEASING = YES;
				CLANG_WARN_BOOL_CONVERSION = YES;
				CLANG_WARN_COMMA = YES;
				CLANG_WARN_CONSTANT_CONVERSION = YES;
				CLANG_WARN_DEPRECATED_OBJC_IMPLEMENTATIONS = YES;
				CLANG_WARN_DIRECT_OBJC_ISA_USAGE = YES_ERROR;
				CLANG_WARN_DOCUMENTATION_COMMENTS = YES;
				CLANG_WARN_EMPTY_BODY = YES;
				CLANG_WARN_ENUM_CONVERSION = YES;
				CLANG_WARN_INFINITE_RECURSION = YES;
				CLANG_WARN_INT_CONVERSION = YES;
				CLANG_WARN_NON_LITERAL_NULL_CONVERSION = YES;
				CLANG_WARN_OBJC_IMPLICIT_RETAIN_SELF = YES;
				CLANG_WARN_OBJC_LITERAL_CONVERSION = YES;
				CLANG_WARN_OBJC_ROOT_CLASS = YES_ERROR;
				CLANG_WARN_QUOTED_INCLUDE_IN_FRAMEWORK_HEADER = YES;
				CLANG_WARN_RANGE_LOOP_ANALYSIS = YES;
				CLANG_WARN_STRICT_PROTOTYPES = YES;
				CLANG_WARN_SUSPICIOUS_MOVE = YES;
				CLANG_WARN_UNGUARDED_AVAILABILITY = YES_AGGRESSIVE;
				CLANG_WARN_UNREACHABLE_CODE = YES;
				CLANG_WARN__DUPLICATE_METHOD_MATCH = YES;
				COPY_PHASE_STRIP = NO;
				DEBUG_INFORMATION_FORMAT = "dwarf-with-dsym";
				ENABLE_NS_ASSERTIONS = NO;
				ENABLE_STRICT_OBJC_MSGSEND = YES;
				GCC_C_LANGUAGE_STANDARD = gnu11;
				GCC_NO_COMMON_BLOCKS = YES;
				GCC_WARN_64_TO_32_BIT_CONVERSION = YES;
				GCC_WARN_ABOUT_RETURN_TYPE = YES_ERROR;
				GCC_WARN_UNDECLARED_SELECTOR = YES;
				GCC_WARN_UNINITIALIZED_AUTOS = YES_AGGRESSIVE;
				GCC_WARN_UNUSED_FUNCTION = YES;
				GCC_WARN_UNUSED_VARIABLE = YES;
				IPHONEOS_DEPLOYMENT_TARGET = 13.0;
				MACOSX_DEPLOYMENT_TARGET = 10.15;
				MTL_ENABLE_DEBUG_INFO = NO;
				MTL_FAST_MATH = YES;
				SDKROOT = iphoneos;
				SWIFT_COMPILATION_MODE = wholemodule;
				SWIFT_OPTIMIZATION_LEVEL = "-O";
				VALIDATE_PRODUCT = YES;
			};
			name = Release;
		};
		EDC3499D26C58A1400A19091 /* Debug */ = {
			isa = XCBuildConfiguration;
			buildSettings = {
				ASSETCATALOG_COMPILER_APPICON_NAME = AppIcon;
				ASSETCATALOG_COMPILER_GLOBAL_ACCENT_COLOR_NAME = AccentColor;
				CODE_SIGN_ENTITLEMENTS = NasaImage/Resources/NasaImage.entitlements;
				CODE_SIGN_STYLE = Automatic;
				DEVELOPMENT_TEAM = 9ELM74XG98;
				INFOPLIST_FILE = NasaImage/Resources/Info.plist;
				IPHONEOS_DEPLOYMENT_TARGET = 13.0;
				"IPHONEOS_DEPLOYMENT_TARGET[sdk=macosx*]" = 13.1;
				LD_RUNPATH_SEARCH_PATHS = (
					"$(inherited)",
					"@executable_path/Frameworks",
				);
				MACOSX_DEPLOYMENT_TARGET = 10.15;
				PRODUCT_BUNDLE_IDENTIFIER = com.wjthieme.NasaImage;
				PRODUCT_NAME = "$(TARGET_NAME)";
				SUPPORTS_MACCATALYST = YES;
				SWIFT_VERSION = 5.0;
				TARGETED_DEVICE_FAMILY = "1,2";
			};
			name = Debug;
		};
		EDC3499E26C58A1400A19091 /* Release */ = {
			isa = XCBuildConfiguration;
			buildSettings = {
				ASSETCATALOG_COMPILER_APPICON_NAME = AppIcon;
				ASSETCATALOG_COMPILER_GLOBAL_ACCENT_COLOR_NAME = AccentColor;
				CODE_SIGN_ENTITLEMENTS = NasaImage/Resources/NasaImage.entitlements;
				CODE_SIGN_STYLE = Automatic;
				DEVELOPMENT_TEAM = 9ELM74XG98;
				INFOPLIST_FILE = NasaImage/Resources/Info.plist;
				IPHONEOS_DEPLOYMENT_TARGET = 13.0;
				"IPHONEOS_DEPLOYMENT_TARGET[sdk=macosx*]" = 13.1;
				LD_RUNPATH_SEARCH_PATHS = (
					"$(inherited)",
					"@executable_path/Frameworks",
				);
				MACOSX_DEPLOYMENT_TARGET = 10.15;
				PRODUCT_BUNDLE_IDENTIFIER = com.wjthieme.NasaImage;
				PRODUCT_NAME = "$(TARGET_NAME)";
				SUPPORTS_MACCATALYST = YES;
				SWIFT_VERSION = 5.0;
				TARGETED_DEVICE_FAMILY = "1,2";
			};
			name = Release;
		};
		EDC349AB26C58A3300A19091 /* Debug */ = {
			isa = XCBuildConfiguration;
			buildSettings = {
				BUNDLE_LOADER = "$(TEST_HOST)";
				CODE_SIGN_STYLE = Automatic;
				DEVELOPMENT_TEAM = 9ELM74XG98;
				INFOPLIST_FILE = Tests/Info.plist;
				LD_RUNPATH_SEARCH_PATHS = (
					"$(inherited)",
					"@executable_path/Frameworks",
					"@loader_path/Frameworks",
				);
				MACOSX_DEPLOYMENT_TARGET = 10.15;
				PRODUCT_BUNDLE_IDENTIFIER = com.wjthieme.NasaImage.Tests;
				PRODUCT_NAME = "$(TARGET_NAME)";
				SWIFT_VERSION = 5.0;
				TARGETED_DEVICE_FAMILY = "1,2";
				TEST_HOST = "$(BUILT_PRODUCTS_DIR)/NasaImage.app/NasaImage";
			};
			name = Debug;
		};
		EDC349AC26C58A3300A19091 /* Release */ = {
			isa = XCBuildConfiguration;
			buildSettings = {
				BUNDLE_LOADER = "$(TEST_HOST)";
				CODE_SIGN_STYLE = Automatic;
				DEVELOPMENT_TEAM = 9ELM74XG98;
				INFOPLIST_FILE = Tests/Info.plist;
				LD_RUNPATH_SEARCH_PATHS = (
					"$(inherited)",
					"@executable_path/Frameworks",
					"@loader_path/Frameworks",
				);
				MACOSX_DEPLOYMENT_TARGET = 10.15;
				PRODUCT_BUNDLE_IDENTIFIER = com.wjthieme.NasaImage.Tests;
				PRODUCT_NAME = "$(TARGET_NAME)";
				SWIFT_VERSION = 5.0;
				TARGETED_DEVICE_FAMILY = "1,2";
				TEST_HOST = "$(BUILT_PRODUCTS_DIR)/NasaImage.app/NasaImage";
			};
			name = Release;
		};
/* End XCBuildConfiguration section */

/* Begin XCConfigurationList section */
		EDC3498326C58A1300A19091 /* Build configuration list for PBXProject "NasaImage" */ = {
			isa = XCConfigurationList;
			buildConfigurations = (
				EDC3499A26C58A1400A19091 /* Debug */,
				EDC3499B26C58A1400A19091 /* Release */,
			);
			defaultConfigurationIsVisible = 0;
			defaultConfigurationName = Release;
		};
		EDC3499C26C58A1400A19091 /* Build configuration list for PBXNativeTarget "NasaImage" */ = {
			isa = XCConfigurationList;
			buildConfigurations = (
				EDC3499D26C58A1400A19091 /* Debug */,
				EDC3499E26C58A1400A19091 /* Release */,
			);
			defaultConfigurationIsVisible = 0;
			defaultConfigurationName = Release;
		};
		EDC349AA26C58A3300A19091 /* Build configuration list for PBXNativeTarget "Tests" */ = {
			isa = XCConfigurationList;
			buildConfigurations = (
				EDC349AB26C58A3300A19091 /* Debug */,
				EDC349AC26C58A3300A19091 /* Release */,
			);
			defaultConfigurationIsVisible = 0;
			defaultConfigurationName = Release;
		};
/* End XCConfigurationList section */
	};
	rootObject = EDC3498026C58A1300A19091 /* Project object */;
}
